// !$*UTF8*$!
{
	archiveVersion = 1;
	classes = {
	};
	objectVersion = 50;
	objects = {

/* Begin PBXBuildFile section */
		6F2518AC22E55973001359CD /* AppDelegate.swift in Sources */ = {isa = PBXBuildFile; fileRef = 6F2518AB22E55973001359CD /* AppDelegate.swift */; };
		6F2518AE22E55973001359CD /* TipCalculatorVC.swift in Sources */ = {isa = PBXBuildFile; fileRef = 6F2518AD22E55973001359CD /* TipCalculatorVC.swift */; };
		6F2518B122E55973001359CD /* Main.storyboard in Resources */ = {isa = PBXBuildFile; fileRef = 6F2518AF22E55973001359CD /* Main.storyboard */; };
		6F2518B322E55974001359CD /* Assets.xcassets in Resources */ = {isa = PBXBuildFile; fileRef = 6F2518B222E55974001359CD /* Assets.xcassets */; };
		6F2518B622E55974001359CD /* LaunchScreen.storyboard in Resources */ = {isa = PBXBuildFile; fileRef = 6F2518B422E55974001359CD /* LaunchScreen.storyboard */; };
		6F2518C122E577C6001359CD /* TipCalculator.swift in Sources */ = {isa = PBXBuildFile; fileRef = 6F2518C022E577C6001359CD /* TipCalculator.swift */; };
/* End PBXBuildFile section */

/* Begin PBXFileReference section */
		6F2518A822E55973001359CD /* TipForMe.app */ = {isa = PBXFileReference; explicitFileType = wrapper.application; includeInIndex = 0; path = TipForMe.app; sourceTree = BUILT_PRODUCTS_DIR; };
		6F2518AB22E55973001359CD /* AppDelegate.swift */ = {isa = PBXFileReference; lastKnownFileType = sourcecode.swift; path = AppDelegate.swift; sourceTree = "<group>"; };
		6F2518AD22E55973001359CD /* TipCalculatorVC.swift */ = {isa = PBXFileReference; lastKnownFileType = sourcecode.swift; path = TipCalculatorVC.swift; sourceTree = "<group>"; };
		6F2518B022E55973001359CD /* Base */ = {isa = PBXFileReference; lastKnownFileType = file.storyboard; name = Base; path = Base.lproj/Main.storyboard; sourceTree = "<group>"; };
		6F2518B222E55974001359CD /* Assets.xcassets */ = {isa = PBXFileReference; lastKnownFileType = folder.assetcatalog; path = Assets.xcassets; sourceTree = "<group>"; };
		6F2518B522E55974001359CD /* Base */ = {isa = PBXFileReference; lastKnownFileType = file.storyboard; name = Base; path = Base.lproj/LaunchScreen.storyboard; sourceTree = "<group>"; };
		6F2518B722E55974001359CD /* Info.plist */ = {isa = PBXFileReference; lastKnownFileType = text.plist.xml; path = Info.plist; sourceTree = "<group>"; };
		6F2518C022E577C6001359CD /* TipCalculator.swift */ = {isa = PBXFileReference; lastKnownFileType = sourcecode.swift; path = TipCalculator.swift; sourceTree = "<group>"; };
/* End PBXFileReference section */

/* Begin PBXFrameworksBuildPhase section */
		6F2518A522E55973001359CD /* Frameworks */ = {
			isa = PBXFrameworksBuildPhase;
			buildActionMask = 2147483647;
			files = (
			);
			runOnlyForDeploymentPostprocessing = 0;
		};
/* End PBXFrameworksBuildPhase section */

/* Begin PBXGroup section */
		6F25189F22E55973001359CD = {
			isa = PBXGroup;
			children = (
				6F2518AA22E55973001359CD /* Tip for me */,
				6F2518A922E55973001359CD /* Products */,
			);
			sourceTree = "<group>";
		};
		6F2518A922E55973001359CD /* Products */ = {
			isa = PBXGroup;
			children = (
				6F2518A822E55973001359CD /* TipForMe.app */,
			);
			name = Products;
			sourceTree = "<group>";
		};
		6F2518AA22E55973001359CD /* Tip for me */ = {
			isa = PBXGroup;
			children = (
				6F2518BF22E5599E001359CD /* Model */,
				6F2518BE22E55998001359CD /* View */,
				6F2518BD22E5598C001359CD /* Controller */,
				6F2518AB22E55973001359CD /* AppDelegate.swift */,
				6F2518B222E55974001359CD /* Assets.xcassets */,
				6F2518B422E55974001359CD /* LaunchScreen.storyboard */,
				6F2518B722E55974001359CD /* Info.plist */,
			);
			path = "Tip for me";
			sourceTree = "<group>";
		};
		6F2518BD22E5598C001359CD /* Controller */ = {
			isa = PBXGroup;
			children = (
				6F2518AD22E55973001359CD /* TipCalculatorVC.swift */,
			);
			path = Controller;
			sourceTree = "<group>";
		};
		6F2518BE22E55998001359CD /* View */ = {
			isa = PBXGroup;
			children = (
				6F2518AF22E55973001359CD /* Main.storyboard */,
			);
			path = View;
			sourceTree = "<group>";
		};
		6F2518BF22E5599E001359CD /* Model */ = {
			isa = PBXGroup;
			children = (
				6F2518C022E577C6001359CD /* TipCalculator.swift */,
			);
			path = Model;
			sourceTree = "<group>";
		};
/* End PBXGroup section */

/* Begin PBXNativeTarget section */
		6F2518A722E55973001359CD /* TipForMe */ = {
			isa = PBXNativeTarget;
			buildConfigurationList = 6F2518BA22E55974001359CD /* Build configuration list for PBXNativeTarget "TipForMe" */;
			buildPhases = (
				6F2518A422E55973001359CD /* Sources */,
				6F2518A522E55973001359CD /* Frameworks */,
				6F2518A622E55973001359CD /* Resources */,
			);
			buildRules = (
			);
			dependencies = (
			);
			name = TipForMe;
			productName = "Tip for me";
			productReference = 6F2518A822E55973001359CD /* TipForMe.app */;
			productType = "com.apple.product-type.application";
		};
/* End PBXNativeTarget section */

/* Begin PBXProject section */
		6F2518A022E55973001359CD /* Project object */ = {
			isa = PBXProject;
			attributes = {
				LastSwiftUpdateCheck = 1020;
				LastUpgradeCheck = 1020;
				ORGANIZATIONNAME = "Bogdan Dovgopol";
				TargetAttributes = {
					6F2518A722E55973001359CD = {
						CreatedOnToolsVersion = 10.2.1;
					};
				};
			};
			buildConfigurationList = 6F2518A322E55973001359CD /* Build configuration list for PBXProject "TipForMe" */;
			compatibilityVersion = "Xcode 9.3";
			developmentRegion = en;
			hasScannedForEncodings = 0;
			knownRegions = (
				en,
				Base,
			);
			mainGroup = 6F25189F22E55973001359CD;
			productRefGroup = 6F2518A922E55973001359CD /* Products */;
			projectDirPath = "";
			projectRoot = "";
			targets = (
				6F2518A722E55973001359CD /* TipForMe */,
			);
		};
/* End PBXProject section */

/* Begin PBXResourcesBuildPhase section */
		6F2518A622E55973001359CD /* Resources */ = {
			isa = PBXResourcesBuildPhase;
			buildActionMask = 2147483647;
			files = (
				6F2518B622E55974001359CD /* LaunchScreen.storyboard in Resources */,
				6F2518B322E55974001359CD /* Assets.xcassets in Resources */,
				6F2518B122E55973001359CD /* Main.storyboard in Resources */,
			);
			runOnlyForDeploymentPostprocessing = 0;
		};
/* End PBXResourcesBuildPhase section */

/* Begin PBXSourcesBuildPhase section */
		6F2518A422E55973001359CD /* Sources */ = {
			isa = PBXSourcesBuildPhase;
			buildActionMask = 2147483647;
			files = (
				6F2518C122E577C6001359CD /* TipCalculator.swift in Sources */,
				6F2518AE22E55973001359CD /* TipCalculatorVC.swift in Sources */,
				6F2518AC22E55973001359CD /* AppDelegate.swift in Sources */,
			);
			runOnlyForDeploymentPostprocessing = 0;
		};
/* End PBXSourcesBuildPhase section */

/* Begin PBXVariantGroup section */
		6F2518AF22E55973001359CD /* Main.storyboard */ = {
			isa = PBXVariantGroup;
			children = (
				6F2518B022E55973001359CD /* Base */,
			);
			name = Main.storyboard;
			sourceTree = "<group>";
		};
		6F2518B422E55974001359CD /* LaunchScreen.storyboard */ = {
			isa = PBXVariantGroup;
			children = (
				6F2518B522E55974001359CD /* Base */,
			);
			name = LaunchScreen.storyboard;
			sourceTree = "<group>";
		};
/* End PBXVariantGroup section */

/* Begin XCBuildConfiguration section */
		6F2518B822E55974001359CD /* Debug */ = {
			isa = XCBuildConfiguration;
			buildSettings = {
				ALWAYS_SEARCH_USER_PATHS = NO;
				CLANG_ANALYZER_NONNULL = YES;
				CLANG_ANALYZER_NUMBER_OBJECT_CONVERSION = YES_AGGRESSIVE;
				CLANG_CXX_LANGUAGE_STANDARD = "gnu++14";
				CLANG_CXX_LIBRARY = "libc++";
				CLANG_ENABLE_MODULES = YES;
				CLANG_ENABLE_OBJC_ARC = YES;
				CLANG_ENABLE_OBJC_WEAK = YES;
				CLANG_WARN_BLOCK_CAPTURE_AUTORELEASING = YES;
				CLANG_WARN_BOOL_CONVERSION = YES;
				CLANG_WARN_COMMA = YES;
				CLANG_WARN_CONSTANT_CONVERSION = YES;
				CLANG_WARN_DEPRECATED_OBJC_IMPLEMENTATIONS = YES;
				CLANG_WARN_DIRECT_OBJC_ISA_USAGE = YES_ERROR;
				CLANG_WARN_DOCUMENTATION_COMMENTS = YES;
				CLANG_WARN_EMPTY_BODY = YES;
				CLANG_WARN_ENUM_CONVERSION = YES;
				CLANG_WARN_INFINITE_RECURSION = YES;
				CLANG_WARN_INT_CONVERSION = YES;
				CLANG_WARN_NON_LITERAL_NULL_CONVERSION = YES;
				CLANG_WARN_OBJC_IMPLICIT_RETAIN_SELF = YES;
				CLANG_WARN_OBJC_LITERAL_CONVERSION = YES;
				CLANG_WARN_OBJC_ROOT_CLASS = YES_ERROR;
				CLANG_WARN_RANGE_LOOP_ANALYSIS = YES;
				CLANG_WARN_STRICT_PROTOTYPES = YES;
				CLANG_WARN_SUSPICIOUS_MOVE = YES;
				CLANG_WARN_UNGUARDED_AVAILABILITY = YES_AGGRESSIVE;
				CLANG_WARN_UNREACHABLE_CODE = YES;
				CLANG_WARN__DUPLICATE_METHOD_MATCH = YES;
				CODE_SIGN_IDENTITY = "iPhone Developer";
				COPY_PHASE_STRIP = NO;
				DEBUG_INFORMATION_FORMAT = dwarf;
				ENABLE_STRICT_OBJC_MSGSEND = YES;
				ENABLE_TESTABILITY = YES;
				GCC_C_LANGUAGE_STANDARD = gnu11;
				GCC_DYNAMIC_NO_PIC = NO;
				GCC_NO_COMMON_BLOCKS = YES;
				GCC_OPTIMIZATION_LEVEL = 0;
				GCC_PREPROCESSOR_DEFINITIONS = (
					"DEBUG=1",
					"$(inherited)",
				);
				GCC_WARN_64_TO_32_BIT_CONVERSION = YES;
				GCC_WARN_ABOUT_RETURN_TYPE = YES_ERROR;
				GCC_WARN_UNDECLARED_SELECTOR = YES;
				GCC_WARN_UNINITIALIZED_AUTOS = YES_AGGRESSIVE;
				GCC_WARN_UNUSED_FUNCTION = YES;
				GCC_WARN_UNUSED_VARIABLE = YES;
				IPHONEOS_DEPLOYMENT_TARGET = 12.2;
				MTL_ENABLE_DEBUG_INFO = INCLUDE_SOURCE;
				MTL_FAST_MATH = YES;
				ONLY_ACTIVE_ARCH = YES;
				SDKROOT = iphoneos;
				SWIFT_ACTIVE_COMPILATION_CONDITIONS = DEBUG;
				SWIFT_OPTIMIZATION_LEVEL = "-Onone";
			};
			name = Debug;
		};
		6F2518B922E55974001359CD /* Release */ = {
			isa = XCBuildConfiguration;
			buildSettings = {
				ALWAYS_SEARCH_USER_PATHS = NO;
				CLANG_ANALYZER_NONNULL = YES;
				CLANG_ANALYZER_NUMBER_OBJECT_CONVERSION = YES_AGGRESSIVE;
				CLANG_CXX_LANGUAGE_STANDARD = "gnu++14";
				CLANG_CXX_LIBRARY = "libc++";
				CLANG_ENABLE_MODULES = YES;
				CLANG_ENABLE_OBJC_ARC = YES;
				CLANG_ENABLE_OBJC_WEAK = YES;
				CLANG_WARN_BLOCK_CAPTURE_AUTORELEASING = YES;
				CLANG_WARN_BOOL_CONVERSION = YES;
				CLANG_WARN_COMMA = YES;
				CLANG_WARN_CONSTANT_CONVERSION = YES;
				CLANG_WARN_DEPRECATED_OBJC_IMPLEMENTATIONS = YES;
				CLANG_WARN_DIRECT_OBJC_ISA_USAGE = YES_ERROR;
				CLANG_WARN_DOCUMENTATION_COMMENTS = YES;
				CLANG_WARN_EMPTY_BODY = YES;
				CLANG_WARN_ENUM_CONVERSION = YES;
				CLANG_WARN_INFINITE_RECURSION = YES;
				CLANG_WARN_INT_CONVERSION = YES;
				CLANG_WARN_NON_LITERAL_NULL_CONVERSION = YES;
				CLANG_WARN_OBJC_IMPLICIT_RETAIN_SELF = YES;
				CLANG_WARN_OBJC_LITERAL_CONVERSION = YES;
				CLANG_WARN_OBJC_ROOT_CLASS = YES_ERROR;
				CLANG_WARN_RANGE_LOOP_ANALYSIS = YES;
				CLANG_WARN_STRICT_PROTOTYPES = YES;
				CLANG_WARN_SUSPICIOUS_MOVE = YES;
				CLANG_WARN_UNGUARDED_AVAILABILITY = YES_AGGRESSIVE;
				CLANG_WARN_UNREACHABLE_CODE = YES;
				CLANG_WARN__DUPLICATE_METHOD_MATCH = YES;
				CODE_SIGN_IDENTITY = "iPhone Developer";
				COPY_PHASE_STRIP = NO;
				DEBUG_INFORMATION_FORMAT = "dwarf-with-dsym";
				ENABLE_NS_ASSERTIONS = NO;
				ENABLE_STRICT_OBJC_MSGSEND = YES;
				GCC_C_LANGUAGE_STANDARD = gnu11;
				GCC_NO_COMMON_BLOCKS = YES;
				GCC_WARN_64_TO_32_BIT_CONVERSION = YES;
				GCC_WARN_ABOUT_RETURN_TYPE = YES_ERROR;
				GCC_WARN_UNDECLARED_SELECTOR = YES;
				GCC_WARN_UNINITIALIZED_AUTOS = YES_AGGRESSIVE;
				GCC_WARN_UNUSED_FUNCTION = YES;
				GCC_WARN_UNUSED_VARIABLE = YES;
				IPHONEOS_DEPLOYMENT_TARGET = 12.2;
				MTL_ENABLE_DEBUG_INFO = NO;
				MTL_FAST_MATH = YES;
				SDKROOT = iphoneos;
				SWIFT_COMPILATION_MODE = wholemodule;
				SWIFT_OPTIMIZATION_LEVEL = "-O";
				VALIDATE_PRODUCT = YES;
			};
			name = Release;
		};
		6F2518BB22E55974001359CD /* Debug */ = {
			isa = XCBuildConfiguration;
			buildSettings = {
				ASSETCATALOG_COMPILER_APPICON_NAME = AppIcon;
				CODE_SIGN_STYLE = Automatic;
				DEVELOPMENT_TEAM = 727Q9XPG67;
				INFOPLIST_FILE = "Tip for me/Info.plist";
				IPHONEOS_DEPLOYMENT_TARGET = 10.0;
				LD_RUNPATH_SEARCH_PATHS = (
					"$(inherited)",
					"@executable_path/Frameworks",
				);
				PRODUCT_BUNDLE_IDENTIFIER = "dev.dovgopol.Tip-for-me";
				PRODUCT_NAME = "$(TARGET_NAME)";
				SWIFT_VERSION = 5.0;
				TARGETED_DEVICE_FAMILY = 1;
			};
			name = Debug;
		};
		6F2518BC22E55974001359CD /* Release */ = {
			isa = XCBuildConfiguration;
			buildSettings = {
				ASSETCATALOG_COMPILER_APPICON_NAME = AppIcon;
				CODE_SIGN_STYLE = Automatic;
				DEVELOPMENT_TEAM = 727Q9XPG67;
				INFOPLIST_FILE = "Tip for me/Info.plist";
				IPHONEOS_DEPLOYMENT_TARGET = 10.0;
				LD_RUNPATH_SEARCH_PATHS = (
					"$(inherited)",
					"@executable_path/Frameworks",
				);
				PRODUCT_BUNDLE_IDENTIFIER = "dev.dovgopol.Tip-for-me";
				PRODUCT_NAME = "$(TARGET_NAME)";
				SWIFT_VERSION = 5.0;
				TARGETED_DEVICE_FAMILY = 1;
			};
			name = Release;
		};
/* End XCBuildConfiguration section */

/* Begin XCConfigurationList section */
		6F2518A322E55973001359CD /* Build configuration list for PBXProject "TipForMe" */ = {
			isa = XCConfigurationList;
			buildConfigurations = (
				6F2518B822E55974001359CD /* Debug */,
				6F2518B922E55974001359CD /* Release */,
			);
			defaultConfigurationIsVisible = 0;
			defaultConfigurationName = Release;
		};
		6F2518BA22E55974001359CD /* Build configuration list for PBXNativeTarget "TipForMe" */ = {
			isa = XCConfigurationList;
			buildConfigurations = (
				6F2518BB22E55974001359CD /* Debug */,
				6F2518BC22E55974001359CD /* Release */,
			);
			defaultConfigurationIsVisible = 0;
			defaultConfigurationName = Release;
		};
/* End XCConfigurationList section */
	};
	rootObject = 6F2518A022E55973001359CD /* Project object */;
}
